{
    "_readme": [
        "This file locks the dependencies of your project to a known state",
        "Read more about it at https://getcomposer.org/doc/01-basic-usage.md#installing-dependencies",
        "This file is @generated automatically"
    ],
    "content-hash": "8a41f9ce1fc489c1e8e555a6a920aded",
    "packages": [
        {
            "name": "brabhold/field_ipaddress",
            "version": "v1.0.0",
            "source": {
                "type": "git",
                "url": "https://github.com/brabhold/field_ipaddress.git",
                "reference": "35d89ccb3857d18a2ad6a3aef8f3d85d02604ab7"
            },
            "dist": {
                "type": "zip",
                "url": "https://api.github.com/repos/brabhold/field_ipaddress/zipball/35d89ccb3857d18a2ad6a3aef8f3d85d02604ab7",
                "reference": "35d89ccb3857d18a2ad6a3aef8f3d85d02604ab7",
                "shasum": ""
            },
            "type": "project",
            "notification-url": "https://packagist.org/downloads/",
            "authors": [
                {
                    "name": "Adrien Belleflamme",
                    "email": "adrien.belleflamme@transmeat.be"
                }
            ],
            "time": "2019-03-25T13:54:59+00:00"
        }
    ],
    "packages-dev": [],
    "aliases": [],
    "minimum-stability": "stable",
    "stability-flags": [],
    "prefer-stable": false,
    "prefer-lowest": false,
    "platform": [],
    "platform-dev": []
}
